version = 1
revision = 3
requires-python = ">=3.12"

[options]
exclude-newer = "0001-01-01T00:00:00Z" # This has no effect and is included for backwards compatibility when using relative exclude-newer values.
exclude-newer-span = "P7D"

[manifest]
requirements = [
    { name = "dotenv", specifier = ">=0.9.9" },
    { name = "nox", specifier = ">=2026.7.11" },
]

[[package]]
name = "argcomplete"
version = "3.7.0"
source = { registry = "https://pypi.org/simple" }
sdist = { url = "https://files.pythonhosted.org/packages/95/c0/c8e94135e66fabf89a120d9b4b123fe6993506beca6c1938a74c24cfa5fd/argcomplete-3.7.0.tar.gz", hash = "sha256:afde224f753f874807b1dc1414e883ab8fe0cda9c04807b6047dcb8e1ac23913", size = 73284, upload-time = "2026-06-30T22:28:22.249Z" }
wheels = [
    { url = "https://files.pythonhosted.org/packages/12/f6/5b8ec087cd9cfa9449491ec83f76fb6b7006b4dff57d2ba8aaab330fe8e4/argcomplete-3.7.0-py3-none-any.whl", hash = "sha256:d8f0f22d2a8a7caa383be1e22b6caf1ecaf0ebd10d8f83cc125e36540c95830c", size = 42575, upload-time = "2026-06-30T22:28:20.547Z" },
]

[[package]]
name = "attrs"
version = "26.1.0"
source = { registry = "https://pypi.org/simple" }
sdist = { url = "https://files.pythonhosted.org/packages/9a/8e/82a0fe20a541c03148528be8cac2408564a6c9a0cc7e9171802bc1d26985/attrs-26.1.0.tar.gz", hash = "sha256:d03ceb89cb322a8fd706d4fb91940737b6642aa36998fe130a9bc96c985eff32", size = 952055, upload-time = "2026-03-19T14:22:25.026Z" }
wheels = [
    { url = "https://files.pythonhosted.org/packages/64/b4/17d4b0b2a2dc85a6df63d1157e028ed19f90d4cd97c36717afef2bc2f395/attrs-26.1.0-py3-none-any.whl", hash = "sha256:c647aa4a12dfbad9333ca4e71fe62ddc36f4e63b2d260a37a8b83d2f043ac309", size = 67548, upload-time = "2026-03-19T14:22:23.645Z" },
]

[[package]]
name = "colorama"
version = "0.4.6"
source = { registry = "https://pypi.org/simple" }
sdist = { url = "https://files.pythonhosted.org/packages/d8/53/6f443c9a4a8358a93a6792e2acffb9d9d5cb0a5cfd8802644b7b1c9a02e4/colorama-0.4.6.tar.gz", hash = "sha256:08695f5cb7ed6e0531a20572697297273c47b8cae5a63ffc6d6ed5c201be6e44", size = 27697, upload-time = "2022-10-25T02:36:22.414Z" }
wheels = [
    { url = "https://files.pythonhosted.org/packages/d1/d6/3965ed04c63042e047cb6a3e6ed1a63a35087b6a609aa3a15ed8ac56c221/colorama-0.4.6-py2.py3-none-any.whl", hash = "sha256:4f1d9991f5acc0ca119f9d443620b77f9d6b33703e51011c16baf57afb285fc6", size = 25335, upload-time = "2022-10-25T02:36:20.889Z" },
]

[[package]]
name = "colorlog"
version = "6.10.1"
source = { registry = "https://pypi.org/simple" }
dependencies = [
    { name = "colorama", marker = "sys_platform == 'win32'" },
]
sdist = { url = "https://files.pythonhosted.org/packages/a2/61/f083b5ac52e505dfc1c624eafbf8c7589a0d7f32daa398d2e7590efa5fda/colorlog-6.10.1.tar.gz", hash = "sha256:eb4ae5cb65fe7fec7773c2306061a8e63e02efc2c72eba9d27b0fa23c94f1321", size = 17162, upload-time = "2025-10-16T16:14:11.978Z" }
wheels = [
    { url = "https://files.pythonhosted.org/packages/6d/c1/e419ef3723a074172b68aaa89c9f3de486ed4c2399e2dbd8113a4fdcaf9e/colorlog-6.10.1-py3-none-any.whl", hash = "sha256:2d7e8348291948af66122cff006c9f8da6255d224e7cf8e37d8de2df3bad8c9c", size = 11743, upload-time = "2025-10-16T16:14:10.512Z" },
]

[[package]]
name = "dependency-groups"
version = "1.3.1"
source = { registry = "https://pypi.org/simple" }
dependencies = [
    { name = "packaging" },
]
sdist = { url = "https://files.pythonhosted.org/packages/62/55/f054de99871e7beb81935dea8a10b90cd5ce42122b1c3081d5282fdb3621/dependency_groups-1.3.1.tar.gz", hash = "sha256:78078301090517fd938c19f64a53ce98c32834dfe0dee6b88004a569a6adfefd", size = 10093, upload-time = "2025-05-02T00:34:29.452Z" }
wheels = [
    { url = "https://files.pythonhosted.org/packages/99/c7/d1ec24fb280caa5a79b6b950db565dab30210a66259d17d5bb2b3a9f878d/dependency_groups-1.3.1-py3-none-any.whl", hash = "sha256:51aeaa0dfad72430fcfb7bcdbefbd75f3792e5919563077f30bc0d73f4493030", size = 8664, upload-time = "2025-05-02T00:34:27.085Z" },
]

[[package]]
name = "distlib"
version = "0.4.3"
source = { registry = "https://pypi.org/simple" }
sdist = { url = "https://files.pythonhosted.org/packages/c9/02/bd72be9134d25ed783ecbbc38a539ffaefbf90c78418c7fb7229600dbac7/distlib-0.4.3.tar.gz", hash = "sha256:f152097224a0ae24be5a0f6bae1b9359af82133bce63f98a95f86cae1aede9ed", size = 615141, upload-time = "2026-06-12T08:04:52.847Z" }
wheels = [
    { url = "https://files.pythonhosted.org/packages/02/08/9c41fb51ab5b43eb21674aff13df270e8ba6c4b29c8624e328dc7a9482af/distlib-0.4.3-py2.py3-none-any.whl", hash = "sha256:4b0ce306c966eb73bc3a7b6abad017c556dadd92c44701562cd528ac7fde4d5b", size = 470628, upload-time = "2026-06-12T08:04:50.506Z" },
]

[[package]]
name = "dotenv"
version = "0.9.9"
source = { registry = "https://pypi.org/simple" }
dependencies = [
    { name = "python-dotenv" },
]
wheels = [
    { url = "https://files.pythonhosted.org/packages/b2/b7/545d2c10c1fc15e48653c91efde329a790f2eecfbbf2bd16003b5db2bab0/dotenv-0.9.9-py2.py3-none-any.whl", hash = "sha256:29cf74a087b31dafdb5a446b6d7e11cbce8ed2741540e2339c69fbef92c94ce9", size = 1892, upload-time = "2025-02-19T22:15:01.647Z" },
]

[[package]]
name = "filelock"
version = "3.29.7"
source = { registry = "https://pypi.org/simple" }
sdist = { url = "https://files.pythonhosted.org/packages/35/94/00f2059e4835eace3ae8fde680b932c496f8ec7bdc99168dfa53fb2e6b79/filelock-3.29.7.tar.gz", hash = "sha256:5b481979797ae69e72f0b389d89a80bdd585c260c5b3f1fb9c0a5ba9bb3f195d", size = 71521, upload-time = "2026-07-08T05:46:58.716Z" }
wheels = [
    { url = "https://files.pythonhosted.org/packages/60/02/be4a57b60c7149b55b9e3b3c13f609cd8eb5307c751f22bd8fb8d262e75b/filelock-3.29.7-py3-none-any.whl", hash = "sha256:987db6f789a3a2a59f55081801b2b3697cb97e2a736b5f1a9e99b559285fbc51", size = 46036, upload-time = "2026-07-08T05:46:57.53Z" },
]

[[package]]
name = "humanize"
version = "4.16.0"
source = { registry = "https://pypi.org/simple" }
sdist = { url = "https://files.pythonhosted.org/packages/0a/ea/13a1ef3c12d12662905801495283530251918b70d62d368f1d2e0272c70d/humanize-4.16.0.tar.gz", hash = "sha256:7dc2244a2f84a4bfb1d36c37bac80cd78e35cdc5c119206d87b018e1445f3a3f", size = 89515, upload-time = "2026-06-30T16:17:29.859Z" }
wheels = [
    { url = "https://files.pythonhosted.org/packages/b0/aa/0b7365d30fed43e7a3449aba1fe20a0a7174d9cf13e282af4e69ac825441/humanize-4.16.0-py3-none-any.whl", hash = "sha256:353eb2f34c09d098b2880eee8bef21832eae6d174f48c5762fff7e5fcb74d01d", size = 137209, upload-time = "2026-06-30T16:17:28.36Z" },
]

[[package]]
name = "nox"
version = "2026.7.11"
source = { registry = "https://pypi.org/simple" }
dependencies = [
    { name = "argcomplete" },
    { name = "attrs" },
    { name = "colorlog" },
    { name = "dependency-groups" },
    { name = "humanize" },
    { name = "packaging" },
    { name = "virtualenv" },
]
sdist = { url = "https://files.pythonhosted.org/packages/75/bf/aafe066019cb1bcd3e1c22957412d6eb560bd6553c1afd28502168a51418/nox-2026.7.11.tar.gz", hash = "sha256:dec9bd2c854540a2d5c0b841eaaf1d23a7c26cd90af36d9f1f1668b34524bfd9", size = 4042267, upload-time = "2026-07-12T00:32:19.859Z" }
wheels = [
    { url = "https://files.pythonhosted.org/packages/a0/70/4b459b66bbd7c9be3c9b15f2cf1605bbe10f58c6395fd99a59a21f3c0777/nox-2026.7.11-py3-none-any.whl", hash = "sha256:f5e811693ee8374d269396204eb39990d2084da67ed968239f94301805c9a169", size = 77265, upload-time = "2026-07-12T00:32:18.07Z" },
]

[[package]]
name = "packaging"
version = "26.2"
source = { registry = "https://pypi.org/simple" }
sdist = { url = "https://files.pythonhosted.org/packages/d7/f1/e7a6dd94a8d4a5626c03e4e99c87f241ba9e350cd9e6d75123f992427270/packaging-26.2.tar.gz", hash = "sha256:ff452ff5a3e828ce110190feff1178bb1f2ea2281fa2075aadb987c2fb221661", size = 228134, upload-time = "2026-04-24T20:15:23.917Z" }
wheels = [
    { url = "https://files.pythonhosted.org/packages/df/b2/87e62e8c3e2f4b32e5fe99e0b86d576da1312593b39f47d8ceef365e95ed/packaging-26.2-py3-none-any.whl", hash = "sha256:5fc45236b9446107ff2415ce77c807cee2862cb6fac22b8a73826d0693b0980e", size = 100195, upload-time = "2026-04-24T20:15:22.081Z" },
]

[[package]]
name = "platformdirs"
version = "4.10.0"
source = { registry = "https://pypi.org/simple" }
sdist = { url = "https://files.pythonhosted.org/packages/d7/47/e4501f49c178ae1d9f4a75073fda4204f52647993f075a9db4d14930e0c5/platformdirs-4.10.0.tar.gz", hash = "sha256:31e761a6a0ca04faf7353ea759bdba55652be214725111e5aac52dfa29d4bef7", size = 31224, upload-time = "2026-05-28T03:32:53.587Z" }
wheels = [
    { url = "https://files.pythonhosted.org/packages/81/e6/cd9575ac904136b3cbf7aa7ee819ef86eedb7274e46f230e94ea4342e729/platformdirs-4.10.0-py3-none-any.whl", hash = "sha256:fb516cdb12eb0d857d0cd85a7c57cea4d060bee4578d6cf5a14dfdf8cbf8784a", size = 22743, upload-time = "2026-05-28T03:32:52.175Z" },
]

[[package]]
name = "python-discovery"
version = "1.4.4"
source = { registry = "https://pypi.org/simple" }
dependencies = [
    { name = "filelock" },
    { name = "platformdirs" },
]
sdist = { url = "https://files.pythonhosted.org/packages/4c/81/58c70036dffeccb7fe7d79d6260c69f7a28272bbd3909c29a01ea9422744/python_discovery-1.4.4.tar.gz", hash = "sha256:5cad33982d412c1f3ffb8f9ca4ea292c9680bca3942451d30b69c37fce53a4a3", size = 72212, upload-time = "2026-07-08T23:06:50.691Z" }
wheels = [
    { url = "https://files.pythonhosted.org/packages/9d/ae/84bc0d2440c95772272bb6f4b3d09ccf08b2898fce89b3d4f969a9fc74e9/python_discovery-1.4.4-py3-none-any.whl", hash = "sha256:abebe9120b43453b68c908acfb1e72a19d1a959ed2cb620ad38fc57d08056dbe", size = 34181, upload-time = "2026-07-08T23:06:49.402Z" },
]

[[package]]
name = "python-dotenv"
version = "1.2.2"
source = { registry = "https://pypi.org/simple" }
sdist = { url = "https://files.pythonhosted.org/packages/82/ed/0301aeeac3e5353ef3d94b6ec08bbcabd04a72018415dcb29e588514bba8/python_dotenv-1.2.2.tar.gz", hash = "sha256:2c371a91fbd7ba082c2c1dc1f8bf89ca22564a087c2c287cd9b662adde799cf3", size = 50135, upload-time = "2026-03-01T16:00:26.196Z" }
wheels = [
    { url = "https://files.pythonhosted.org/packages/0b/d7/1959b9648791274998a9c3526f6d0ec8fd2233e4d4acce81bbae76b44b2a/python_dotenv-1.2.2-py3-none-any.whl", hash = "sha256:1d8214789a24de455a8b8bd8ae6fe3c6b69a5e3d64aa8a8e5d68e694bbcb285a", size = 22101, upload-time = "2026-03-01T16:00:25.09Z" },
]

[[package]]
name = "virtualenv"
version = "21.6.1"
source = { registry = "https://pypi.org/simple" }
dependencies = [
    { name = "distlib" },
    { name = "filelock" },
    { name = "platformdirs" },
    { name = "python-discovery" },
]
sdist = { url = "https://files.pythonhosted.org/packages/34/d9/b477fddb68840b570af8b22afe9b035cbc277b5fb7b33dea390617a8b10f/virtualenv-21.6.1.tar.gz", hash = "sha256:15f978b7cd329f24855ff4a0c4b4899cc7678589f49adbdcbbb4d3232e641128", size = 5526620, upload-time = "2026-07-10T19:33:53.312Z" }
wheels = [
    { url = "https://files.pythonhosted.org/packages/c1/7c/4e7225d46d634a0d8d534dd8a6ce0c319d09b4d0cf0337eb314ca4789d8c/virtualenv-21.6.1-py3-none-any.whl", hash = "sha256:afe991df855715a2b2f60edfcc0107ef95a79fdfd8cb4cdaa71603d1c12e463b", size = 5506392, upload-time = "2026-07-10T19:33:51.629Z" },
]
