version = 1
revision = 3
requires-python = ">=3.12"
resolution-markers = [
    "python_full_version >= '3.15'",
    "python_full_version < '3.15'",
]

[options]
exclude-newer = "0001-01-01T00:00:00Z" # This has no effect and is included for backwards compatibility when using relative exclude-newer values.
exclude-newer-span = "P7D"

[options.exclude-newer-package]
prek = { timestamp = "0001-01-01T00:00:00Z", span = "PT0S" }

[manifest]
requirements = [
    { name = "dotenv", specifier = ">=0.9.9" },
    { name = "nox", specifier = ">=2026.8.17" },
]

[[package]]
name = "argcomplete"
version = "3.7.2"
source = { registry = "https://pypi.org/simple" }
sdist = { url = "https://files.pythonhosted.org/packages/87/6f/5a73f04007ca950701765949209f068da628bd11f9c2da287278ce91e0ee/argcomplete-3.7.2.tar.gz", hash = "sha256:aad8b69a0b9969edb62db0d1752354c0d50717b10e0cbb00e2a958381b9fc6b9", size = 74473, upload-time = "2026-08-06T04:53:21.662Z" }
wheels = [
    { url = "https://files.pythonhosted.org/packages/46/bd/551ee6af426af84ca33e02622be722925c196608e9127d731ef17c47f06e/argcomplete-3.7.2-py3-none-any.whl", hash = "sha256:6029205678bdd9c1c728a155f5f9ecf5812393f969eef58807641a2bc2aa5b19", size = 43294, upload-time = "2026-08-06T04:53:20.246Z" },
]

[[package]]
name = "attrs"
version = "26.1.0"
source = { registry = "https://pypi.org/simple" }
sdist = { url = "https://files.pythonhosted.org/packages/9a/8e/82a0fe20a541c03148528be8cac2408564a6c9a0cc7e9171802bc1d26985/attrs-26.1.0.tar.gz", hash = "sha256:d03ceb89cb322a8fd706d4fb91940737b6642aa36998fe130a9bc96c985eff32", size = 952055, upload-time = "2026-03-19T14:22:25.026Z" }
wheels = [
    { url = "https://files.pythonhosted.org/packages/64/b4/17d4b0b2a2dc85a6df63d1157e028ed19f90d4cd97c36717afef2bc2f395/attrs-26.1.0-py3-none-any.whl", hash = "sha256:c647aa4a12dfbad9333ca4e71fe62ddc36f4e63b2d260a37a8b83d2f043ac309", size = 67548, upload-time = "2026-03-19T14:22:23.645Z" },
]

[[package]]
name = "colorama"
version = "0.4.6"
source = { registry = "https://pypi.org/simple" }
sdist = { url = "https://files.pythonhosted.org/packages/d8/53/6f443c9a4a8358a93a6792e2acffb9d9d5cb0a5cfd8802644b7b1c9a02e4/colorama-0.4.6.tar.gz", hash = "sha256:08695f5cb7ed6e0531a20572697297273c47b8cae5a63ffc6d6ed5c201be6e44", size = 27697, upload-time = "2022-10-25T02:36:22.414Z" }
wheels = [
    { url = "https://files.pythonhosted.org/packages/d1/d6/3965ed04c63042e047cb6a3e6ed1a63a35087b6a609aa3a15ed8ac56c221/colorama-0.4.6-py2.py3-none-any.whl", hash = "sha256:4f1d9991f5acc0ca119f9d443620b77f9d6b33703e51011c16baf57afb285fc6", size = 25335, upload-time = "2022-10-25T02:36:20.889Z" },
]

[[package]]
name = "colorlog"
version = "6.12.0"
source = { registry = "https://pypi.org/simple" }
dependencies = [
    { name = "colorama", marker = "sys_platform == 'win32'" },
]
sdist = { url = "https://files.pythonhosted.org/packages/8c/55/ba79756cb90c8d69d599d57785398ac87bba7b19c80e87f4e8a562197c93/colorlog-6.12.0.tar.gz", hash = "sha256:2a7924c1dadf18b22a0eb8b06d1c7b01d5341707ec1641eb6fcc4fde0c3e8e5f", size = 18151, upload-time = "2026-07-23T13:40:40.71Z" }
wheels = [
    { url = "https://files.pythonhosted.org/packages/d4/19/0b6647bf5e331521e55d2b63bfbdc210bd9cd605189273f03614a05f702d/colorlog-6.12.0-py3-none-any.whl", hash = "sha256:30d392604e9110045a2c2aeefc27d7a017abbab63f3a8aee594eac0801df784e", size = 12239, upload-time = "2026-07-23T13:40:39.562Z" },
]

[[package]]
name = "dependency-groups"
version = "1.3.2"
source = { registry = "https://pypi.org/simple" }
dependencies = [
    { name = "packaging" },
]
sdist = { url = "https://files.pythonhosted.org/packages/b5/16/65e61d8e837e0d70a99a0d4dd76e2af53357c3a03ed1db8ad9b5786d7f25/dependency_groups-1.3.2.tar.gz", hash = "sha256:c81831f43828dbc3987ee247eb198241a0152b8e7ceab10977cc3808eb388ac7", size = 13309, upload-time = "2026-08-22T02:43:30.137Z" }
wheels = [
    { url = "https://files.pythonhosted.org/packages/a1/e4/da5f2f176050efcfb9222a76a3e81c41f69f775be8e563b76ca4292a134f/dependency_groups-1.3.2-py3-none-any.whl", hash = "sha256:8c337f7b92445823b0d0ea507f611390c58dcd2112be00aebcd738a2ca7a1c64", size = 9802, upload-time = "2026-08-22T02:43:28.853Z" },
]

[[package]]
name = "distlib"
version = "0.4.3"
source = { registry = "https://pypi.org/simple" }
sdist = { url = "https://files.pythonhosted.org/packages/c9/02/bd72be9134d25ed783ecbbc38a539ffaefbf90c78418c7fb7229600dbac7/distlib-0.4.3.tar.gz", hash = "sha256:f152097224a0ae24be5a0f6bae1b9359af82133bce63f98a95f86cae1aede9ed", size = 615141, upload-time = "2026-06-12T08:04:52.847Z" }
wheels = [
    { url = "https://files.pythonhosted.org/packages/02/08/9c41fb51ab5b43eb21674aff13df270e8ba6c4b29c8624e328dc7a9482af/distlib-0.4.3-py2.py3-none-any.whl", hash = "sha256:4b0ce306c966eb73bc3a7b6abad017c556dadd92c44701562cd528ac7fde4d5b", size = 470628, upload-time = "2026-06-12T08:04:50.506Z" },
]

[[package]]
name = "dotenv"
version = "0.9.9"
source = { registry = "https://pypi.org/simple" }
dependencies = [
    { name = "python-dotenv" },
]
wheels = [
    { url = "https://files.pythonhosted.org/packages/b2/b7/545d2c10c1fc15e48653c91efde329a790f2eecfbbf2bd16003b5db2bab0/dotenv-0.9.9-py2.py3-none-any.whl", hash = "sha256:29cf74a087b31dafdb5a446b6d7e11cbce8ed2741540e2339c69fbef92c94ce9", size = 1892, upload-time = "2025-02-19T22:15:01.647Z" },
]

[[package]]
name = "filelock"
version = "3.32.4"
source = { registry = "https://pypi.org/simple" }
sdist = { url = "https://files.pythonhosted.org/packages/6d/30/03b03951873a1a0ffc7e8ca0e10c15597b59e8d0e39260704cd2ea087bc4/filelock-3.32.4.tar.gz", hash = "sha256:2bde2e4cf732e0153406d8a7bc80620ecf5e621fe0d25e41143c4e3b4733ff30", size = 222126, upload-time = "2026-08-23T17:37:55.363Z" }
wheels = [
    { url = "https://files.pythonhosted.org/packages/01/a4/9b63d595d748e3aff8812b65eacc1a2c4bd90b7c2012e08e72373b4835eb/filelock-3.32.4-py3-none-any.whl", hash = "sha256:22e58ca3b1ae3b98993b762d7338367ae64fe50252bf78d59da3bfebcdf1cedd", size = 99864, upload-time = "2026-08-23T17:37:53.913Z" },
]

[[package]]
name = "humanize"
version = "4.16.0"
source = { registry = "https://pypi.org/simple" }
sdist = { url = "https://files.pythonhosted.org/packages/0a/ea/13a1ef3c12d12662905801495283530251918b70d62d368f1d2e0272c70d/humanize-4.16.0.tar.gz", hash = "sha256:7dc2244a2f84a4bfb1d36c37bac80cd78e35cdc5c119206d87b018e1445f3a3f", size = 89515, upload-time = "2026-06-30T16:17:29.859Z" }
wheels = [
    { url = "https://files.pythonhosted.org/packages/b0/aa/0b7365d30fed43e7a3449aba1fe20a0a7174d9cf13e282af4e69ac825441/humanize-4.16.0-py3-none-any.whl", hash = "sha256:353eb2f34c09d098b2880eee8bef21832eae6d174f48c5762fff7e5fcb74d01d", size = 137209, upload-time = "2026-06-30T16:17:28.36Z" },
]

[[package]]
name = "nox"
version = "2026.8.17"
source = { registry = "https://pypi.org/simple" }
dependencies = [
    { name = "argcomplete" },
    { name = "attrs" },
    { name = "colorlog" },
    { name = "dependency-groups" },
    { name = "humanize" },
    { name = "packaging" },
    { name = "platformdirs" },
    { name = "python-discovery" },
    { name = "virtualenv" },
]
sdist = { url = "https://files.pythonhosted.org/packages/be/65/4cef8ae8f6dbcb5753b202e46791277f1ea0b4a0650d1a6cb940c468b143/nox-2026.8.17.tar.gz", hash = "sha256:8d9c69c9b996a59db1eb2c6968deaebc2edbc55317d205981bbc4a37351d3f2e", size = 4076047, upload-time = "2026-08-18T03:09:57.078Z" }
wheels = [
    { url = "https://files.pythonhosted.org/packages/81/71/e0829a0500646070e98bc4442afa2917bfe5b6f1289511d8de853ae86497/nox-2026.8.17-py3-none-any.whl", hash = "sha256:a96a5286007cbc0d1eb1930e85738668f6722adba1ffaa48287296a96963086e", size = 94839, upload-time = "2026-08-18T03:09:55.684Z" },
]

[[package]]
name = "packaging"
version = "26.3"
source = { registry = "https://pypi.org/simple" }
sdist = { url = "https://files.pythonhosted.org/packages/7d/fa/3944b40b07da9ce895c0e6303a5ab7d53da063554f534556b134a54d6093/packaging-26.3.tar.gz", hash = "sha256:94edc256424af38762eb31306eed28beb9f0efc50a8837492c9d6fd6004aed79", size = 313412, upload-time = "2026-08-04T18:15:28.737Z" }
wheels = [
    { url = "https://files.pythonhosted.org/packages/63/34/ba1c580383c9eada3711951fef0795c80b829a078d72188184bcab9dd527/packaging-26.3-py3-none-any.whl", hash = "sha256:d7193f7c8e4e93f444fde0262bf90af30e16fa0ad0ad44cb553c87339b23cd1c", size = 129956, upload-time = "2026-08-04T18:15:27.159Z" },
]

[[package]]
name = "platformdirs"
version = "4.11.5"
source = { registry = "https://pypi.org/simple" }
sdist = { url = "https://files.pythonhosted.org/packages/ea/06/cf1564dcc2e2261c8c8c6c05628dc8b418943bdae2a4e58640ceb2f770fa/platformdirs-4.11.5.tar.gz", hash = "sha256:e8b31f4f8bcbbedef91a6b57a706255e4f148d2a4e01648382a0a47342539173", size = 34823, upload-time = "2026-08-27T21:36:37.46Z" }
wheels = [
    { url = "https://files.pythonhosted.org/packages/c7/12/6f3fcd5067a9cbf4f8664b32957973498da8b083455203c8d9cab83a725c/platformdirs-4.11.5-py3-none-any.whl", hash = "sha256:89f8d42695853b89c7170bd49bc3dc593f98a71e695ede88e06a3b247bc4563b", size = 23900, upload-time = "2026-08-27T21:36:36.227Z" },
]

[[package]]
name = "python-discovery"
version = "1.5.3"
source = { registry = "https://pypi.org/simple" }
dependencies = [
    { name = "filelock" },
]
sdist = { url = "https://files.pythonhosted.org/packages/b2/8f/3c92c45737f654f2488ab3662b7604a55d3d35146d37c9ce80f5c95b95a6/python_discovery-1.5.3.tar.gz", hash = "sha256:e500eb24025fb7c4876c1fdcfbafd9028a10c71b661aee38cb6fb0de594518c1", size = 82477, upload-time = "2026-08-24T14:48:46.396Z" }
wheels = [
    { url = "https://files.pythonhosted.org/packages/30/12/823d9a321904ccfd2969a24b84fdfd1e6614c707ec569c62879bf1dbc6c5/python_discovery-1.5.3-py3-none-any.whl", hash = "sha256:8305296358f1aa2ed302a25b84be7df84fef8ca47c7dce2da63cb7325333044e", size = 38290, upload-time = "2026-08-24T14:48:45.305Z" },
]

[[package]]
name = "python-dotenv"
version = "1.2.3"
source = { registry = "https://pypi.org/simple" }
sdist = { url = "https://files.pythonhosted.org/packages/6a/53/ed9d74092561d4b01a2ef1349d52cdbc135e526c245f366b089cfca6de49/python_dotenv-1.2.3.tar.gz", hash = "sha256:a20a594dabeaa385725aa239d5244871c143ecb356add8a20fcf23773a6c3a35", size = 58945, upload-time = "2026-08-16T16:54:54.067Z" }
wheels = [
    { url = "https://files.pythonhosted.org/packages/0d/17/c5c6b53ddc18f297992099b3d9ec16c855c0ccc83263a21fe4d1c625ec6c/python_dotenv-1.2.3-py3-none-any.whl", hash = "sha256:904552145e8bfed22162c09dab1c2b9b54fefa7b23ba780f4f26ca0316b0f0d9", size = 22780, upload-time = "2026-08-16T16:54:52.473Z" },
]

[[package]]
name = "virtualenv"
version = "21.7.5"
source = { registry = "https://pypi.org/simple" }
dependencies = [
    { name = "distlib" },
    { name = "filelock" },
    { name = "platformdirs" },
    { name = "python-discovery" },
]
sdist = { url = "https://files.pythonhosted.org/packages/1d/60/fc54e876e34f94dd0cf0185aaecfd4bfa906653f003d9b2fb21428642fca/virtualenv-21.7.5.tar.gz", hash = "sha256:a73c4246fba3c8901ff9717399f466e00eeca5a3834981f1a6ebb4f1e94de2f8", size = 5346743, upload-time = "2026-08-25T05:39:16.14Z" }
wheels = [
    { url = "https://files.pythonhosted.org/packages/ca/d8/401141bf45637be916c86d325bd821c5838c7eff83294b934cd94e774e4f/virtualenv-21.7.5-py3-none-any.whl", hash = "sha256:e36ca889510ab6cb0b1dca93c59e5431dd4422a3c88f487358d470c90af8c07a", size = 5324697, upload-time = "2026-08-25T05:39:14.229Z" },
]
