version = 1
revision = 3
requires-python = ">=3.12"

[options]
exclude-newer = "0001-01-01T00:00:00Z" # This has no effect and is included for backwards compatibility when using relative exclude-newer values.
exclude-newer-span = "P7D"

[manifest]
requirements = [{ name = "pkginfo" }]

[[package]]
name = "pkginfo"
version = "1.12.1.2"
source = { registry = "https://pypi.org/simple" }
sdist = { url = "https://files.pythonhosted.org/packages/24/03/e26bf3d6453b7fda5bd2b84029a426553bb373d6277ef6b5ac8863421f87/pkginfo-1.12.1.2.tar.gz", hash = "sha256:5cd957824ac36f140260964eba3c6be6442a8359b8c48f4adf90210f33a04b7b", size = 451828, upload-time = "2025-02-19T15:27:37.188Z" }
wheels = [
    { url = "https://files.pythonhosted.org/packages/fa/3d/f4f2ba829efb54b6cd2d91349c7463316a9cc55a43fc980447416c88540f/pkginfo-1.12.1.2-py3-none-any.whl", hash = "sha256:c783ac885519cab2c34927ccfa6bf64b5a704d7c69afaea583dd9b7afe969343", size = 32717, upload-time = "2025-02-19T15:27:33.071Z" },
]
