version = 1
revision = 3
requires-python = ">=3.12"

[options]
exclude-newer = "0001-01-01T00:00:00Z" # This has no effect and is included for backwards compatibility when using relative exclude-newer values.
exclude-newer-span = "P7D"

[options.exclude-newer-package]
prek = { timestamp = "0001-01-01T00:00:00Z", span = "PT0S" }

[manifest]
requirements = [{ name = "pkginfo" }]

[[package]]
name = "pkginfo"
version = "1.13"
source = { registry = "https://pypi.org/simple" }
sdist = { url = "https://files.pythonhosted.org/packages/3e/ad/97538d5a1041d8d3ba155075b0b35248cf8538e1f1ec764f1d117962b01d/pkginfo-1.13.tar.gz", hash = "sha256:4f70471c643f71fe84a06230c0e33c5c5b12a33b2fd21bff14ddaef5a974adb1", size = 453525, upload-time = "2026-08-30T02:45:07.804Z" }
wheels = [
    { url = "https://files.pythonhosted.org/packages/ed/ad/2e9e8a7bb014758af9453b3d818848d50852592296aceb8817f2a937fa71/pkginfo-1.13-py3-none-any.whl", hash = "sha256:37e1bfb7b5b149829e6f140a225b517c4c8808d8d164f68137b9492023874061", size = 32769, upload-time = "2026-08-30T02:45:06.55Z" },
]
